Microsoft Visual Studio Solution File, Format Version 11.00
# Visual Studio 2008

Project("{8383EC45-3EC1-93DF-BD5B-DB6C032B761D}") = "LeapingLeos", "Assembly-CSharp.csproj", "{47E57785-0B3B-A184-B56D-64D8431B4571}"
EndProject
Global
	GlobalSection(SolutionConfigurationPlatforms) = preSolution
		Debug|Any CPU = Debug|Any CPU
		Release|Any CPU = Release|Any CPU
	EndGlobalSection
	GlobalSection(ProjectConfigurationPlatforms) = postSolution
		{47E57785-0B3B-A184-B56D-64D8431B4571}.Debug|Any CPU.ActiveCfg = Debug|Any CPU
		{47E57785-0B3B-A184-B56D-64D8431B4571}.Debug|Any CPU.Build.0 = Debug|Any CPU
		{47E57785-0B3B-A184-B56D-64D8431B4571}.Release|Any CPU.ActiveCfg = Release|Any CPU
		{47E57785-0B3B-A184-B56D-64D8431B4571}.Release|Any CPU.Build.0 = Release|Any CPU
	EndGlobalSection
	GlobalSection(SolutionProperties) = preSolution
		HideSolutionNode = FALSE
	EndGlobalSection
	GlobalSection(MonoDevelopProperties) = preSolution
		StartupItem = Assembly-CSharp.csproj
	EndGlobalSection
EndGlobal
